
Microsoft Visual Studio Solution File, Format Version 12.00
# Visual Studio 2012
Project("{FAE04EC0-301F-11D3-BF4B-00C04F79EFBC}") = "ImageLibrary", "ImageLibrary\ImageLibrary.csproj", "{76880604-9C5C-48BC-AAAE-332593901777}"
EndProject
Project("{FAE04EC0-301F-11D3-BF4B-00C04F79EFBC}") = "ImageLibrary.Specs", "ImageLibrary.Specs\ImageLibrary.Specs.csproj", "{E8D135BE-FECC-4C9E-9C10-A0775F64AF41}"
EndProject
Global
	GlobalSection(SolutionConfigurationPlatforms) = preSolution
		Debug|Any CPU = Debug|Any CPU
		Release|Any CPU = Release|Any CPU
	EndGlobalSection
	GlobalSection(ProjectConfigurationPlatforms) = postSolution
		{76880604-9C5C-48BC-AAAE-332593901777}.Debug|Any CPU.ActiveCfg = Debug|Any CPU
		{76880604-9C5C-48BC-AAAE-332593901777}.Debug|Any CPU.Build.0 = Debug|Any CPU
		{76880604-9C5C-48BC-AAAE-332593901777}.Release|Any CPU.ActiveCfg = Release|Any CPU
		{76880604-9C5C-48BC-AAAE-332593901777}.Release|Any CPU.Build.0 = Release|Any CPU
		{E8D135BE-FECC-4C9E-9C10-A0775F64AF41}.Debug|Any CPU.ActiveCfg = Debug|Any CPU
		{E8D135BE-FECC-4C9E-9C10-A0775F64AF41}.Debug|Any CPU.Build.0 = Debug|Any CPU
		{E8D135BE-FECC-4C9E-9C10-A0775F64AF41}.Release|Any CPU.ActiveCfg = Release|Any CPU
		{E8D135BE-FECC-4C9E-9C10-A0775F64AF41}.Release|Any CPU.Build.0 = Release|Any CPU
	EndGlobalSection
	GlobalSection(SolutionProperties) = preSolution
		HideSolutionNode = FALSE
	EndGlobalSection
EndGlobal
